// !$*UTF8*$!
{
	archiveVersion = 1;
	classes = {
	};
	objectVersion = 55;
	objects = {

/* Begin PBXBuildFile section */
		3A1549F72864E78500340F1C /* MainViewController.m in Sources */ = {isa = PBXBuildFile; fileRef = 3A1549F52864E78500340F1C /* MainViewController.m */; };
		3A1549F82864E78500340F1C /* MainViewController.xib in Resources */ = {isa = PBXBuildFile; fileRef = 3A1549F62864E78500340F1C /* MainViewController.xib */; };
		3A99EE452893CBBD00EBF6D4 /* CryptoUtil.m in Sources */ = {isa = PBXBuildFile; fileRef = 3A99EE442893CBBD00EBF6D4 /* CryptoUtil.m */; };
		3A99EE4A2893EB5F00EBF6D4 /* KeychainUtil.m in Sources */ = {isa = PBXBuildFile; fileRef = 3A99EE492893EB5F00EBF6D4 /* KeychainUtil.m */; };
		3A99EE522893F02A00EBF6D4 /* Keychain.json in Resources */ = {isa = PBXBuildFile; fileRef = 3A99EE512893F02A00EBF6D4 /* Keychain.json */; };
		3A99EE5628940E6A00EBF6D4 /* Keychain2.json in Resources */ = {isa = PBXBuildFile; fileRef = 3A99EE5528940E6A00EBF6D4 /* Keychain2.json */; };
		3A99EE582894207D00EBF6D4 /* Keychain3.json in Resources */ = {isa = PBXBuildFile; fileRef = 3A99EE572894207D00EBF6D4 /* Keychain3.json */; };
		3AB412232863AEB6003F7BCC /* AppDelegate.m in Sources */ = {isa = PBXBuildFile; fileRef = 3AB412222863AEB6003F7BCC /* AppDelegate.m */; };
		3AB4122E2863AEB7003F7BCC /* Assets.xcassets in Resources */ = {isa = PBXBuildFile; fileRef = 3AB4122D2863AEB7003F7BCC /* Assets.xcassets */; };
		3AB412312863AEB7003F7BCC /* LaunchScreen.storyboard in Resources */ = {isa = PBXBuildFile; fileRef = 3AB4122F2863AEB7003F7BCC /* LaunchScreen.storyboard */; };
		3AB412342863AEB7003F7BCC /* main.m in Sources */ = {isa = PBXBuildFile; fileRef = 3AB412332863AEB7003F7BCC /* main.m */; };
/* End PBXBuildFile section */

/* Begin PBXFileReference section */
		3A1549F42864E78500340F1C /* MainViewController.h */ = {isa = PBXFileReference; lastKnownFileType = sourcecode.c.h; path = MainViewController.h; sourceTree = "<group>"; };
		3A1549F52864E78500340F1C /* MainViewController.m */ = {isa = PBXFileReference; lastKnownFileType = sourcecode.c.objc; path = MainViewController.m; sourceTree = "<group>"; };
		3A1549F62864E78500340F1C /* MainViewController.xib */ = {isa = PBXFileReference; lastKnownFileType = file.xib; path = MainViewController.xib; sourceTree = "<group>"; };
		3A99EE432893CBBD00EBF6D4 /* CryptoUtil.h */ = {isa = PBXFileReference; fileEncoding = 4; lastKnownFileType = sourcecode.c.h; path = CryptoUtil.h; sourceTree = "<group>"; };
		3A99EE442893CBBD00EBF6D4 /* CryptoUtil.m */ = {isa = PBXFileReference; fileEncoding = 4; lastKnownFileType = sourcecode.c.objc; path = CryptoUtil.m; sourceTree = "<group>"; };
		3A99EE482893EB5F00EBF6D4 /* KeychainUtil.h */ = {isa = PBXFileReference; lastKnownFileType = sourcecode.c.h; path = KeychainUtil.h; sourceTree = "<group>"; };
		3A99EE492893EB5F00EBF6D4 /* KeychainUtil.m */ = {isa = PBXFileReference; lastKnownFileType = sourcecode.c.objc; path = KeychainUtil.m; sourceTree = "<group>"; };
		3A99EE512893F02A00EBF6D4 /* Keychain.json */ = {isa = PBXFileReference; lastKnownFileType = text.json; path = Keychain.json; sourceTree = "<group>"; };
		3A99EE5528940E6A00EBF6D4 /* Keychain2.json */ = {isa = PBXFileReference; lastKnownFileType = text.json; path = Keychain2.json; sourceTree = "<group>"; };
		3A99EE572894207D00EBF6D4 /* Keychain3.json */ = {isa = PBXFileReference; lastKnownFileType = text.json; path = Keychain3.json; sourceTree = "<group>"; };
		3AB4121E2863AEB6003F7BCC /* KeyChainStudy.app */ = {isa = PBXFileReference; explicitFileType = wrapper.application; includeInIndex = 0; path = KeyChainStudy.app; sourceTree = BUILT_PRODUCTS_DIR; };
		3AB412212863AEB6003F7BCC /* AppDelegate.h */ = {isa = PBXFileReference; lastKnownFileType = sourcecode.c.h; path = AppDelegate.h; sourceTree = "<group>"; };
		3AB412222863AEB6003F7BCC /* AppDelegate.m */ = {isa = PBXFileReference; lastKnownFileType = sourcecode.c.objc; path = AppDelegate.m; sourceTree = "<group>"; };
		3AB4122D2863AEB7003F7BCC /* Assets.xcassets */ = {isa = PBXFileReference; lastKnownFileType = folder.assetcatalog; path = Assets.xcassets; sourceTree = "<group>"; };
		3AB412302863AEB7003F7BCC /* Base */ = {isa = PBXFileReference; lastKnownFileType = file.storyboard; name = Base; path = Base.lproj/LaunchScreen.storyboard; sourceTree = "<group>"; };
		3AB412322863AEB7003F7BCC /* Info.plist */ = {isa = PBXFileReference; lastKnownFileType = text.plist.xml; path = Info.plist; sourceTree = "<group>"; };
		3AB412332863AEB7003F7BCC /* main.m */ = {isa = PBXFileReference; lastKnownFileType = sourcecode.c.objc; path = main.m; sourceTree = "<group>"; };
		3AB4123A2863AEC7003F7BCC /* KeyChainStudy.entitlements */ = {isa = PBXFileReference; lastKnownFileType = text.plist.entitlements; path = KeyChainStudy.entitlements; sourceTree = "<group>"; };
/* End PBXFileReference section */

/* Begin PBXFrameworksBuildPhase section */
		3AB4121B2863AEB6003F7BCC /* Frameworks */ = {
			isa = PBXFrameworksBuildPhase;
			buildActionMask = 2147483647;
			files = (
			);
			runOnlyForDeploymentPostprocessing = 0;
		};
/* End PBXFrameworksBuildPhase section */

/* Begin PBXGroup section */
		3A99EE422893CBA700EBF6D4 /* utils */ = {
			isa = PBXGroup;
			children = (
				3A99EE432893CBBD00EBF6D4 /* CryptoUtil.h */,
				3A99EE442893CBBD00EBF6D4 /* CryptoUtil.m */,
				3A99EE482893EB5F00EBF6D4 /* KeychainUtil.h */,
				3A99EE492893EB5F00EBF6D4 /* KeychainUtil.m */,
			);
			path = utils;
			sourceTree = "<group>";
		};
		3A99EE462893E55B00EBF6D4 /* resource */ = {
			isa = PBXGroup;
			children = (
				3A99EE512893F02A00EBF6D4 /* Keychain.json */,
				3A99EE5528940E6A00EBF6D4 /* Keychain2.json */,
				3A99EE572894207D00EBF6D4 /* Keychain3.json */,
			);
			path = resource;
			sourceTree = "<group>";
		};
		3AB412152863AEB6003F7BCC = {
			isa = PBXGroup;
			children = (
				3AB412202863AEB6003F7BCC /* KeyChainStudy */,
				3AB4121F2863AEB6003F7BCC /* Products */,
			);
			sourceTree = "<group>";
		};
		3AB4121F2863AEB6003F7BCC /* Products */ = {
			isa = PBXGroup;
			children = (
				3AB4121E2863AEB6003F7BCC /* KeyChainStudy.app */,
			);
			name = Products;
			sourceTree = "<group>";
		};
		3AB412202863AEB6003F7BCC /* KeyChainStudy */ = {
			isa = PBXGroup;
			children = (
				3AB4123A2863AEC7003F7BCC /* KeyChainStudy.entitlements */,
				3A99EE462893E55B00EBF6D4 /* resource */,
				3A99EE422893CBA700EBF6D4 /* utils */,
				3AB412212863AEB6003F7BCC /* AppDelegate.h */,
				3AB412222863AEB6003F7BCC /* AppDelegate.m */,
				3A1549F42864E78500340F1C /* MainViewController.h */,
				3A1549F52864E78500340F1C /* MainViewController.m */,
				3A1549F62864E78500340F1C /* MainViewController.xib */,
				3AB4122D2863AEB7003F7BCC /* Assets.xcassets */,
				3AB4122F2863AEB7003F7BCC /* LaunchScreen.storyboard */,
				3AB412322863AEB7003F7BCC /* Info.plist */,
				3AB412332863AEB7003F7BCC /* main.m */,
			);
			path = KeyChainStudy;
			sourceTree = "<group>";
		};
/* End PBXGroup section */

/* Begin PBXNativeTarget section */
		3AB4121D2863AEB6003F7BCC /* KeyChainStudy */ = {
			isa = PBXNativeTarget;
			buildConfigurationList = 3AB412372863AEB7003F7BCC /* Build configuration list for PBXNativeTarget "KeyChainStudy" */;
			buildPhases = (
				3AB4121A2863AEB6003F7BCC /* Sources */,
				3AB4121B2863AEB6003F7BCC /* Frameworks */,
				3AB4121C2863AEB6003F7BCC /* Resources */,
			);
			buildRules = (
			);
			dependencies = (
			);
			name = KeyChainStudy;
			productName = KeyChainStudy;
			productReference = 3AB4121E2863AEB6003F7BCC /* KeyChainStudy.app */;
			productType = "com.apple.product-type.application";
		};
/* End PBXNativeTarget section */

/* Begin PBXProject section */
		3AB412162863AEB6003F7BCC /* Project object */ = {
			isa = PBXProject;
			attributes = {
				BuildIndependentTargetsInParallel = 1;
				LastUpgradeCheck = 1340;
				TargetAttributes = {
					3AB4121D2863AEB6003F7BCC = {
						CreatedOnToolsVersion = 13.4.1;
					};
				};
			};
			buildConfigurationList = 3AB412192863AEB6003F7BCC /* Build configuration list for PBXProject "KeyChainStudy" */;
			compatibilityVersion = "Xcode 13.0";
			developmentRegion = en;
			hasScannedForEncodings = 0;
			knownRegions = (
				en,
				Base,
			);
			mainGroup = 3AB412152863AEB6003F7BCC;
			productRefGroup = 3AB4121F2863AEB6003F7BCC /* Products */;
			projectDirPath = "";
			projectRoot = "";
			targets = (
				3AB4121D2863AEB6003F7BCC /* KeyChainStudy */,
			);
		};
/* End PBXProject section */

/* Begin PBXResourcesBuildPhase section */
		3AB4121C2863AEB6003F7BCC /* Resources */ = {
			isa = PBXResourcesBuildPhase;
			buildActionMask = 2147483647;
			files = (
				3AB412312863AEB7003F7BCC /* LaunchScreen.storyboard in Resources */,
				3A99EE522893F02A00EBF6D4 /* Keychain.json in Resources */,
				3AB4122E2863AEB7003F7BCC /* Assets.xcassets in Resources */,
				3A1549F82864E78500340F1C /* MainViewController.xib in Resources */,
				3A99EE5628940E6A00EBF6D4 /* Keychain2.json in Resources */,
				3A99EE582894207D00EBF6D4 /* Keychain3.json in Resources */,
			);
			runOnlyForDeploymentPostprocessing = 0;
		};
/* End PBXResourcesBuildPhase section */

/* Begin PBXSourcesBuildPhase section */
		3AB4121A2863AEB6003F7BCC /* Sources */ = {
			isa = PBXSourcesBuildPhase;
			buildActionMask = 2147483647;
			files = (
				3A1549F72864E78500340F1C /* MainViewController.m in Sources */,
				3AB412232863AEB6003F7BCC /* AppDelegate.m in Sources */,
				3A99EE452893CBBD00EBF6D4 /* CryptoUtil.m in Sources */,
				3AB412342863AEB7003F7BCC /* main.m in Sources */,
				3A99EE4A2893EB5F00EBF6D4 /* KeychainUtil.m in Sources */,
			);
			runOnlyForDeploymentPostprocessing = 0;
		};
/* End PBXSourcesBuildPhase section */

/* Begin PBXVariantGroup section */
		3AB4122F2863AEB7003F7BCC /* LaunchScreen.storyboard */ = {
			isa = PBXVariantGroup;
			children = (
				3AB412302863AEB7003F7BCC /* Base */,
			);
			name = LaunchScreen.storyboard;
			sourceTree = "<group>";
		};
/* End PBXVariantGroup section */

/* Begin XCBuildConfiguration section */
		3AB412352863AEB7003F7BCC /* Debug */ = {
			isa = XCBuildConfiguration;
			buildSettings = {
				ALWAYS_SEARCH_USER_PATHS = NO;
				CLANG_ANALYZER_NONNULL = YES;
				CLANG_ANALYZER_NUMBER_OBJECT_CONVERSION = YES_AGGRESSIVE;
				CLANG_CXX_LANGUAGE_STANDARD = "gnu++17";
				CLANG_ENABLE_MODULES = YES;
				CLANG_ENABLE_OBJC_ARC = YES;
				CLANG_ENABLE_OBJC_WEAK = YES;
				CLANG_WARN_BLOCK_CAPTURE_AUTORELEASING = YES;
				CLANG_WARN_BOOL_CONVERSION = YES;
				CLANG_WARN_COMMA = YES;
				CLANG_WARN_CONSTANT_CONVERSION = YES;
				CLANG_WARN_DEPRECATED_OBJC_IMPLEMENTATIONS = YES;
				CLANG_WARN_DIRECT_OBJC_ISA_USAGE = YES_ERROR;
				CLANG_WARN_DOCUMENTATION_COMMENTS = YES;
				CLANG_WARN_EMPTY_BODY = YES;
				CLANG_WARN_ENUM_CONVERSION = YES;
				CLANG_WARN_INFINITE_RECURSION = YES;
				CLANG_WARN_INT_CONVERSION = YES;
				CLANG_WARN_NON_LITERAL_NULL_CONVERSION = YES;
				CLANG_WARN_OBJC_IMPLICIT_RETAIN_SELF = YES;
				CLANG_WARN_OBJC_LITERAL_CONVERSION = YES;
				CLANG_WARN_OBJC_ROOT_CLASS = YES_ERROR;
				CLANG_WARN_QUOTED_INCLUDE_IN_FRAMEWORK_HEADER = YES;
				CLANG_WARN_RANGE_LOOP_ANALYSIS = YES;
				CLANG_WARN_STRICT_PROTOTYPES = YES;
				CLANG_WARN_SUSPICIOUS_MOVE = YES;
				CLANG_WARN_UNGUARDED_AVAILABILITY = YES_AGGRESSIVE;
				CLANG_WARN_UNREACHABLE_CODE = YES;
				CLANG_WARN__DUPLICATE_METHOD_MATCH = YES;
				COPY_PHASE_STRIP = NO;
				DEBUG_INFORMATION_FORMAT = dwarf;
				ENABLE_STRICT_OBJC_MSGSEND = YES;
				ENABLE_TESTABILITY = YES;
				GCC_C_LANGUAGE_STANDARD = gnu11;
				GCC_DYNAMIC_NO_PIC = NO;
				GCC_NO_COMMON_BLOCKS = YES;
				GCC_OPTIMIZATION_LEVEL = 0;
				GCC_PREPROCESSOR_DEFINITIONS = (
					"DEBUG=1",
					"$(inherited)",
				);
				GCC_WARN_64_TO_32_BIT_CONVERSION = YES;
				GCC_WARN_ABOUT_RETURN_TYPE = YES_ERROR;
				GCC_WARN_UNDECLARED_SELECTOR = YES;
				GCC_WARN_UNINITIALIZED_AUTOS = YES_AGGRESSIVE;
				GCC_WARN_UNUSED_FUNCTION = YES;
				GCC_WARN_UNUSED_VARIABLE = YES;
				IPHONEOS_DEPLOYMENT_TARGET = 11.0;
				MTL_ENABLE_DEBUG_INFO = INCLUDE_SOURCE;
				MTL_FAST_MATH = YES;
				ONLY_ACTIVE_ARCH = YES;
				SDKROOT = iphoneos;
			};
			name = Debug;
		};
		3AB412362863AEB7003F7BCC /* Release */ = {
			isa = XCBuildConfiguration;
			buildSettings = {
				ALWAYS_SEARCH_USER_PATHS = NO;
				CLANG_ANALYZER_NONNULL = YES;
				CLANG_ANALYZER_NUMBER_OBJECT_CONVERSION = YES_AGGRESSIVE;
				CLANG_CXX_LANGUAGE_STANDARD = "gnu++17";
				CLANG_ENABLE_MODULES = YES;
				CLANG_ENABLE_OBJC_ARC = YES;
				CLANG_ENABLE_OBJC_WEAK = YES;
				CLANG_WARN_BLOCK_CAPTURE_AUTORELEASING = YES;
				CLANG_WARN_BOOL_CONVERSION = YES;
				CLANG_WARN_COMMA = YES;
				CLANG_WARN_CONSTANT_CONVERSION = YES;
				CLANG_WARN_DEPRECATED_OBJC_IMPLEMENTATIONS = YES;
				CLANG_WARN_DIRECT_OBJC_ISA_USAGE = YES_ERROR;
				CLANG_WARN_DOCUMENTATION_COMMENTS = YES;
				CLANG_WARN_EMPTY_BODY = YES;
				CLANG_WARN_ENUM_CONVERSION = YES;
				CLANG_WARN_INFINITE_RECURSION = YES;
				CLANG_WARN_INT_CONVERSION = YES;
				CLANG_WARN_NON_LITERAL_NULL_CONVERSION = YES;
				CLANG_WARN_OBJC_IMPLICIT_RETAIN_SELF = YES;
				CLANG_WARN_OBJC_LITERAL_CONVERSION = YES;
				CLANG_WARN_OBJC_ROOT_CLASS = YES_ERROR;
				CLANG_WARN_QUOTED_INCLUDE_IN_FRAMEWORK_HEADER = YES;
				CLANG_WARN_RANGE_LOOP_ANALYSIS = YES;
				CLANG_WARN_STRICT_PROTOTYPES = YES;
				CLANG_WARN_SUSPICIOUS_MOVE = YES;
				CLANG_WARN_UNGUARDED_AVAILABILITY = YES_AGGRESSIVE;
				CLANG_WARN_UNREACHABLE_CODE = YES;
				CLANG_WARN__DUPLICATE_METHOD_MATCH = YES;
				COPY_PHASE_STRIP = NO;
				DEBUG_INFORMATION_FORMAT = "dwarf-with-dsym";
				ENABLE_NS_ASSERTIONS = NO;
				ENABLE_STRICT_OBJC_MSGSEND = YES;
				GCC_C_LANGUAGE_STANDARD = gnu11;
				GCC_NO_COMMON_BLOCKS = YES;
				GCC_WARN_64_TO_32_BIT_CONVERSION = YES;
				GCC_WARN_ABOUT_RETURN_TYPE = YES_ERROR;
				GCC_WARN_UNDECLARED_SELECTOR = YES;
				GCC_WARN_UNINITIALIZED_AUTOS = YES_AGGRESSIVE;
				GCC_WARN_UNUSED_FUNCTION = YES;
				GCC_WARN_UNUSED_VARIABLE = YES;
				IPHONEOS_DEPLOYMENT_TARGET = 11.0;
				MTL_ENABLE_DEBUG_INFO = NO;
				MTL_FAST_MATH = YES;
				SDKROOT = iphoneos;
				VALIDATE_PRODUCT = YES;
			};
			name = Release;
		};
		3AB412382863AEB7003F7BCC /* Debug */ = {
			isa = XCBuildConfiguration;
			buildSettings = {
				ASSETCATALOG_COMPILER_APPICON_NAME = AppIcon;
				ASSETCATALOG_COMPILER_GLOBAL_ACCENT_COLOR_NAME = AccentColor;
				CODE_SIGN_ENTITLEMENTS = KeyChainStudy/KeyChainStudy.entitlements;
				CODE_SIGN_STYLE = Automatic;
				CURRENT_PROJECT_VERSION = 1;
				DEVELOPMENT_TEAM = 38D3676P2T;
				GENERATE_INFOPLIST_FILE = YES;
				INFOPLIST_FILE = KeyChainStudy/Info.plist;
				INFOPLIST_KEY_UIApplicationSupportsIndirectInputEvents = YES;
				INFOPLIST_KEY_UILaunchStoryboardName = LaunchScreen;
				INFOPLIST_KEY_UISupportedInterfaceOrientations_iPad = "UIInterfaceOrientationPortrait UIInterfaceOrientationPortraitUpsideDown UIInterfaceOrientationLandscapeLeft UIInterfaceOrientationLandscapeRight";
				INFOPLIST_KEY_UISupportedInterfaceOrientations_iPhone = "UIInterfaceOrientationPortrait UIInterfaceOrientationLandscapeLeft UIInterfaceOrientationLandscapeRight";
				IPHONEOS_DEPLOYMENT_TARGET = 11.0;
				LD_RUNPATH_SEARCH_PATHS = (
					"$(inherited)",
					"@executable_path/Frameworks",
				);
				MARKETING_VERSION = 1.0;
				PRODUCT_BUNDLE_IDENTIFIER = cn.jobs8.keychain;
				PRODUCT_NAME = "$(TARGET_NAME)";
				SWIFT_EMIT_LOC_STRINGS = YES;
				TARGETED_DEVICE_FAMILY = "1,2";
			};
			name = Debug;
		};
		3AB412392863AEB7003F7BCC /* Release */ = {
			isa = XCBuildConfiguration;
			buildSettings = {
				ASSETCATALOG_COMPILER_APPICON_NAME = AppIcon;
				ASSETCATALOG_COMPILER_GLOBAL_ACCENT_COLOR_NAME = AccentColor;
				CODE_SIGN_ENTITLEMENTS = KeyChainStudy/KeyChainStudy.entitlements;
				CODE_SIGN_STYLE = Automatic;
				CURRENT_PROJECT_VERSION = 1;
				DEVELOPMENT_TEAM = 38D3676P2T;
				GENERATE_INFOPLIST_FILE = YES;
				INFOPLIST_FILE = KeyChainStudy/Info.plist;
				INFOPLIST_KEY_UIApplicationSupportsIndirectInputEvents = YES;
				INFOPLIST_KEY_UILaunchStoryboardName = LaunchScreen;
				INFOPLIST_KEY_UISupportedInterfaceOrientations_iPad = "UIInterfaceOrientationPortrait UIInterfaceOrientationPortraitUpsideDown UIInterfaceOrientationLandscapeLeft UIInterfaceOrientationLandscapeRight";
				INFOPLIST_KEY_UISupportedInterfaceOrientations_iPhone = "UIInterfaceOrientationPortrait UIInterfaceOrientationLandscapeLeft UIInterfaceOrientationLandscapeRight";
				IPHONEOS_DEPLOYMENT_TARGET = 11.0;
				LD_RUNPATH_SEARCH_PATHS = (
					"$(inherited)",
					"@executable_path/Frameworks",
				);
				MARKETING_VERSION = 1.0;
				PRODUCT_BUNDLE_IDENTIFIER = cn.jobs8.keychain;
				PRODUCT_NAME = "$(TARGET_NAME)";
				SWIFT_EMIT_LOC_STRINGS = YES;
				TARGETED_DEVICE_FAMILY = "1,2";
			};
			name = Release;
		};
/* End XCBuildConfiguration section */

/* Begin XCConfigurationList section */
		3AB412192863AEB6003F7BCC /* Build configuration list for PBXProject "KeyChainStudy" */ = {
			isa = XCConfigurationList;
			buildConfigurations = (
				3AB412352863AEB7003F7BCC /* Debug */,
				3AB412362863AEB7003F7BCC /* Release */,
			);
			defaultConfigurationIsVisible = 0;
			defaultConfigurationName = Release;
		};
		3AB412372863AEB7003F7BCC /* Build configuration list for PBXNativeTarget "KeyChainStudy" */ = {
			isa = XCConfigurationList;
			buildConfigurations = (
				3AB412382863AEB7003F7BCC /* Debug */,
				3AB412392863AEB7003F7BCC /* Release */,
			);
			defaultConfigurationIsVisible = 0;
			defaultConfigurationName = Release;
		};
/* End XCConfigurationList section */
	};
	rootObject = 3AB412162863AEB6003F7BCC /* Project object */;
}
